
Microsoft Visual Studio Solution File, Format Version 12.00
# Visual Studio Version 17
VisualStudioVersion = 17.9.34723.18
MinimumVisualStudioVersion = 10.0.40219.1
Project("{FAE04EC0-301F-11D3-BF4B-00C04F79EFBC}") = "DeliveryCostCalculator.Server", "DeliveryCostCalculator.Server\DeliveryCostCalculator.Server.csproj", "{4C1F4979-7EB0-40F1-9092-399F2ABAE65F}"
EndProject
Project("{54A90642-561A-4BB1-A94E-469ADEE60C69}") = "deliverycostcalculator.client", "deliverycostcalculator.client\deliverycostcalculator.client.esproj", "{D78723D0-8D39-450F-9F6C-390EEB968C40}"
EndProject
Global
	GlobalSection(SolutionConfigurationPlatforms) = preSolution
		Debug|Any CPU = Debug|Any CPU
		Release|Any CPU = Release|Any CPU
	EndGlobalSection
	GlobalSection(ProjectConfigurationPlatforms) = postSolution
		{4C1F4979-7EB0-40F1-9092-399F2ABAE65F}.Debug|Any CPU.ActiveCfg = Debug|Any CPU
		{4C1F4979-7EB0-40F1-9092-399F2ABAE65F}.Debug|Any CPU.Build.0 = Debug|Any CPU
		{4C1F4979-7EB0-40F1-9092-399F2ABAE65F}.Release|Any CPU.ActiveCfg = Release|Any CPU
		{4C1F4979-7EB0-40F1-9092-399F2ABAE65F}.Release|Any CPU.Build.0 = Release|Any CPU
		{D78723D0-8D39-450F-9F6C-390EEB968C40}.Debug|Any CPU.ActiveCfg = Debug|Any CPU
		{D78723D0-8D39-450F-9F6C-390EEB968C40}.Debug|Any CPU.Build.0 = Debug|Any CPU
		{D78723D0-8D39-450F-9F6C-390EEB968C40}.Debug|Any CPU.Deploy.0 = Debug|Any CPU
		{D78723D0-8D39-450F-9F6C-390EEB968C40}.Release|Any CPU.ActiveCfg = Release|Any CPU
		{D78723D0-8D39-450F-9F6C-390EEB968C40}.Release|Any CPU.Build.0 = Release|Any CPU
		{D78723D0-8D39-450F-9F6C-390EEB968C40}.Release|Any CPU.Deploy.0 = Release|Any CPU
	EndGlobalSection
	GlobalSection(SolutionProperties) = preSolution
		HideSolutionNode = FALSE
	EndGlobalSection
	GlobalSection(ExtensibilityGlobals) = postSolution
		SolutionGuid = {00DE5F4A-5087-4542-A169-CCE7E7E73A43}
	EndGlobalSection
EndGlobal
